
Microsoft Visual Studio Solution File, Format Version 12.00
# Visual Studio Version 17
VisualStudioVersion = 17.14.36623.8 d17.14
MinimumVisualStudioVersion = 10.0.40219.1
Project("{FAE04EC0-301F-11D3-BF4B-00C04F79EFBC}") = "UIDownLoadMultiFile", "UIDownLoadMultiFile\UIDownLoadMultiFile.csproj", "{7B4E453B-6514-4F99-AACB-D3A2667B7FBC}"
EndProject
Project("{FAE04EC0-301F-11D3-BF4B-00C04F79EFBC}") = "CoreDownLoadMultiFile", "..\..\Core\CoreDownLoadMultiFile\CoreDownLoadMultiFile.csproj", "{8C66B741-98B5-4EF2-9542-9AFAD35432D7}"
EndProject
Global
	GlobalSection(SolutionConfigurationPlatforms) = preSolution
		Debug|Any CPU = Debug|Any CPU
		Release|Any CPU = Release|Any CPU
	EndGlobalSection
	GlobalSection(ProjectConfigurationPlatforms) = postSolution
		{7B4E453B-6514-4F99-AACB-D3A2667B7FBC}.Debug|Any CPU.ActiveCfg = Debug|Any CPU
		{7B4E453B-6514-4F99-AACB-D3A2667B7FBC}.Debug|Any CPU.Build.0 = Debug|Any CPU
		{7B4E453B-6514-4F99-AACB-D3A2667B7FBC}.Release|Any CPU.ActiveCfg = Release|Any CPU
		{7B4E453B-6514-4F99-AACB-D3A2667B7FBC}.Release|Any CPU.Build.0 = Release|Any CPU
		{8C66B741-98B5-4EF2-9542-9AFAD35432D7}.Debug|Any CPU.ActiveCfg = Debug|Any CPU
		{8C66B741-98B5-4EF2-9542-9AFAD35432D7}.Debug|Any CPU.Build.0 = Debug|Any CPU
		{8C66B741-98B5-4EF2-9542-9AFAD35432D7}.Release|Any CPU.ActiveCfg = Release|Any CPU
		{8C66B741-98B5-4EF2-9542-9AFAD35432D7}.Release|Any CPU.Build.0 = Release|Any CPU
	EndGlobalSection
	GlobalSection(SolutionProperties) = preSolution
		HideSolutionNode = FALSE
	EndGlobalSection
	GlobalSection(ExtensibilityGlobals) = postSolution
		SolutionGuid = {4C30F8C9-76C0-475C-A7DF-A3965F9ABDDF}
	EndGlobalSection
EndGlobal
